
Microsoft Visual Studio Solution File, Format Version 12.00
# Visual Studio Version 16
VisualStudioVersion = 16.0.35931.194
MinimumVisualStudioVersion = 10.0.40219.1
Project("{8BC9CEB8-8B4A-11D0-8D11-00A0C91BC942}") = "Quake II Viewer", "Quake II Viewer.vcxproj", "{64FC1C20-1AF7-4869-8CB2-A626B00C54D9}"
EndProject
Global
	GlobalSection(SolutionConfigurationPlatforms) = preSolution
		Debug|x86 = Debug|x86
		Release|x86 = Release|x86
	EndGlobalSection
	GlobalSection(ProjectConfigurationPlatforms) = postSolution
		{64FC1C20-1AF7-4869-8CB2-A626B00C54D9}.Debug|x86.ActiveCfg = Debug|Win32
		{64FC1C20-1AF7-4869-8CB2-A626B00C54D9}.Debug|x86.Build.0 = Debug|Win32
		{64FC1C20-1AF7-4869-8CB2-A626B00C54D9}.Release|x86.ActiveCfg = Release|Win32
		{64FC1C20-1AF7-4869-8CB2-A626B00C54D9}.Release|x86.Build.0 = Release|Win32
	EndGlobalSection
	GlobalSection(SolutionProperties) = preSolution
		HideSolutionNode = FALSE
	EndGlobalSection
	GlobalSection(ExtensibilityGlobals) = postSolution
		SolutionGuid = {473C1981-4A1F-4707-84B4-CDBBC3924FAA}
	EndGlobalSection
EndGlobal
