<?xml version="1.0" encoding="utf-8"?>
<Project ToolsVersion="4.0" xmlns="http://schemas.microsoft.com/developer/msbuild/2003">
  <ItemGroup>
    <Filter Include="Source Files">
      <UniqueIdentifier>{f034b691-0a52-4303-a10a-99125e38b3c1}</UniqueIdentifier>
      <Extensions>cpp;c;cxx;rc;def;r;odl;idl;hpj;bat</Extensions>
    </Filter>
    <Filter Include="Header Files">
      <UniqueIdentifier>{d76dacca-5d6f-4384-8021-0326fcfde326}</UniqueIdentifier>
      <Extensions>h;hpp;hxx;hm;inl</Extensions>
    </Filter>
    <Filter Include="Resource Files">
      <UniqueIdentifier>{6c7225af-d9e1-41f5-ba6f-ba7dff7c3315}</UniqueIdentifier>
      <Extensions>ico;cur;bmp;dlg;rc2;rct;bin;rgs;gif;jpg;jpeg;jpe</Extensions>
    </Filter>
  </ItemGroup>
  <ItemGroup>
    <ClCompile Include="Application.cpp">
      <Filter>Source Files</Filter>
    </ClCompile>
    <ClCompile Include="..\Foundation\Array.cpp">
      <Filter>Source Files</Filter>
    </ClCompile>
    <ClCompile Include="..\Foundation\AutoreleasePool.cpp">
      <Filter>Source Files</Filter>
    </ClCompile>
    <ClCompile Include="..\Interface\BasicCommands.cpp">
      <Filter>Source Files</Filter>
    </ClCompile>
    <ClCompile Include="..\Resource\BmpDecoder.cpp">
      <Filter>Source Files</Filter>
    </ClCompile>
    <ClCompile Include="..\3D\BoundingBox.cpp">
      <Filter>Source Files</Filter>
    </ClCompile>
    <ClCompile Include="..\Resource\BspDecoder.cpp">
      <Filter>Source Files</Filter>
    </ClCompile>
    <ClCompile Include="BspFile.cpp">
      <Filter>Source Files</Filter>
    </ClCompile>
    <ClCompile Include="..\3D\Camera.cpp">
      <Filter>Source Files</Filter>
    </ClCompile>
    <ClCompile Include="..\Resource\CelDecoder.cpp">
      <Filter>Source Files</Filter>
    </ClCompile>
    <ClCompile Include="ColDet.cpp">
      <Filter>Source Files</Filter>
    </ClCompile>
    <ClCompile Include="..\Foundation\ConfigParser.cpp">
      <Filter>Source Files</Filter>
    </ClCompile>
    <ClCompile Include="..\Interface\Console.cpp">
      <Filter>Source Files</Filter>
    </ClCompile>
    <ClCompile Include="..\Interface\ConsoleCommand.cpp">
      <Filter>Source Files</Filter>
    </ClCompile>
    <ClCompile Include="..\Interface\Controller.cpp">
      <Filter>Source Files</Filter>
    </ClCompile>
    <ClCompile Include="..\Foundation\crc32.cpp">
      <Filter>Source Files</Filter>
    </ClCompile>
    <ClCompile Include="..\Foundation\Data.cpp">
      <Filter>Source Files</Filter>
    </ClCompile>
    <ClCompile Include="..\Foundation\Dictionary.cpp">
      <Filter>Source Files</Filter>
    </ClCompile>
    <ClCompile Include="..\Interface\DirectXInputReader.cpp">
      <Filter>Source Files</Filter>
    </ClCompile>
    <ClCompile Include="Entities.cpp">
      <Filter>Source Files</Filter>
    </ClCompile>
    <ClCompile Include="..\Interface\Events.cpp">
      <Filter>Source Files</Filter>
    </ClCompile>
    <ClCompile Include="..\Foundation\FileSystem.cpp">
      <Filter>Source Files</Filter>
    </ClCompile>
    <ClCompile Include="..\Foundation\FileUtils.cpp">
      <Filter>Source Files</Filter>
    </ClCompile>
    <ClCompile Include="..\Arwen\Fog.cpp">
      <Filter>Source Files</Filter>
    </ClCompile>
    <ClCompile Include="..\3D\Font.cpp">
      <Filter>Source Files</Filter>
    </ClCompile>
    <ClCompile Include="..\3D\Frustrum.cpp">
      <Filter>Source Files</Filter>
    </ClCompile>
    <ClCompile Include="GameController.cpp">
      <Filter>Source Files</Filter>
    </ClCompile>
    <ClCompile Include="..\Resource\GifDecoder.cpp">
      <Filter>Source Files</Filter>
    </ClCompile>
    <ClCompile Include="..\Resource\JpegDecoder.cpp">
      <Filter>Source Files</Filter>
    </ClCompile>
    <ClCompile Include="..\3d\Lightmap.cpp">
      <Filter>Source Files</Filter>
    </ClCompile>
    <ClCompile Include="..\Foundation\Log.cpp">
      <Filter>Source Files</Filter>
    </ClCompile>
    <ClCompile Include="main.cpp">
      <Filter>Source Files</Filter>
    </ClCompile>
    <ClCompile Include="..\3D\Math3D.cpp">
      <Filter>Source Files</Filter>
    </ClCompile>
    <ClCompile Include="..\3D\matrix3D.cpp">
      <Filter>Source Files</Filter>
    </ClCompile>
    <ClCompile Include="..\Resource\Md2Decoder.cpp">
      <Filter>Source Files</Filter>
    </ClCompile>
    <ClCompile Include="..\3d\Mesh3D.cpp">
      <Filter>Source Files</Filter>
    </ClCompile>
    <ClCompile Include="..\Interface\Model.cpp">
      <Filter>Source Files</Filter>
    </ClCompile>
    <ClCompile Include="..\Foundation\MutableData.cpp">
      <Filter>Source Files</Filter>
    </ClCompile>
    <ClCompile Include="..\Foundation\Object.cpp">
      <Filter>Source Files</Filter>
    </ClCompile>
    <ClCompile Include="..\Foundation\ObjStr.cpp">
      <Filter>Source Files</Filter>
    </ClCompile>
    <ClCompile Include="..\3D\OpenGLView.cpp">
      <Filter>Source Files</Filter>
    </ClCompile>
    <ClCompile Include="..\Resource\PakFileSystem.cpp">
      <Filter>Source Files</Filter>
    </ClCompile>
    <ClCompile Include="..\Resource\PcxDecoder.cpp">
      <Filter>Source Files</Filter>
    </ClCompile>
    <ClCompile Include="..\Resource\PixelFormat.cpp">
      <Filter>Source Files</Filter>
    </ClCompile>
    <ClCompile Include="..\3D\Plane.cpp">
      <Filter>Source Files</Filter>
    </ClCompile>
    <ClCompile Include="..\Resource\PngDecoder.cpp">
      <Filter>Source Files</Filter>
    </ClCompile>
    <ClCompile Include="..\3D\Poly3D.cpp">
      <Filter>Source Files</Filter>
    </ClCompile>
    <ClCompile Include="..\Foundation\Pool.cpp">
      <Filter>Source Files</Filter>
    </ClCompile>
    <ClCompile Include="Quake2Level.cpp">
      <Filter>Source Files</Filter>
    </ClCompile>
    <ClCompile Include="..\Foundation\Queue.cpp">
      <Filter>Source Files</Filter>
    </ClCompile>
    <ClCompile Include="..\3D\Ray.cpp">
      <Filter>Source Files</Filter>
    </ClCompile>
    <ClCompile Include="..\Resource\ResourceDecoder.cpp">
      <Filter>Source Files</Filter>
    </ClCompile>
    <ClCompile Include="..\Resource\ResourceManager.cpp">
      <Filter>Source Files</Filter>
    </ClCompile>
    <ClCompile Include="..\Resource\ResourceSource.cpp">
      <Filter>Source Files</Filter>
    </ClCompile>
    <ClCompile Include="..\Resource\RgbDecoder.cpp">
      <Filter>Source Files</Filter>
    </ClCompile>
    <ClCompile Include="..\Foundation\Set.cpp">
      <Filter>Source Files</Filter>
    </ClCompile>
    <ClCompile Include="..\3D\Sky.cpp">
      <Filter>Source Files</Filter>
    </ClCompile>
    <ClCompile Include="..\3D\Texture.cpp">
      <Filter>Source Files</Filter>
    </ClCompile>
    <ClCompile Include="..\Resource\TgaDecoder.cpp">
      <Filter>Source Files</Filter>
    </ClCompile>
    <ClCompile Include="..\Resource\TgaEncoder.cpp">
      <Filter>Source Files</Filter>
    </ClCompile>
    <ClCompile Include="..\Foundation\Timer.cpp">
      <Filter>Source Files</Filter>
    </ClCompile>
    <ClCompile Include="..\3D\Transform3D.cpp">
      <Filter>Source Files</Filter>
    </ClCompile>
    <ClCompile Include="..\3d\View.cpp">
      <Filter>Source Files</Filter>
    </ClCompile>
    <ClCompile Include="..\Resource\WalDecoder.cpp">
      <Filter>Source Files</Filter>
    </ClCompile>
    <ClCompile Include="..\Resource\ZipFileSystem.cpp">
      <Filter>Source Files</Filter>
    </ClCompile>
  </ItemGroup>
  <ItemGroup>
    <ClInclude Include="..\Arwen\Fog.h">
      <Filter>Source Files</Filter>
    </ClInclude>
    <ClInclude Include="..\3D\3DDefs.h">
      <Filter>Header Files</Filter>
    </ClInclude>
    <ClInclude Include="Application.h">
      <Filter>Header Files</Filter>
    </ClInclude>
    <ClInclude Include="..\Foundation\Array.h">
      <Filter>Header Files</Filter>
    </ClInclude>
    <ClInclude Include="..\Foundation\AutoreleasePool.h">
      <Filter>Header Files</Filter>
    </ClInclude>
    <ClInclude Include="..\Interface\BasicCommands.h">
      <Filter>Header Files</Filter>
    </ClInclude>
    <ClInclude Include="..\Resource\BmpDecoder.h">
      <Filter>Header Files</Filter>
    </ClInclude>
    <ClInclude Include="..\3D\BoundingBox.h">
      <Filter>Header Files</Filter>
    </ClInclude>
    <ClInclude Include="BspFile.h">
      <Filter>Header Files</Filter>
    </ClInclude>
    <ClInclude Include="..\3D\Camera.h">
      <Filter>Header Files</Filter>
    </ClInclude>
    <ClInclude Include="..\Resource\CelDecoder.h">
      <Filter>Header Files</Filter>
    </ClInclude>
    <ClInclude Include="ColDet.h">
      <Filter>Header Files</Filter>
    </ClInclude>
    <ClInclude Include="..\Foundation\ConfigParser.h">
      <Filter>Header Files</Filter>
    </ClInclude>
    <ClInclude Include="..\Interface\Console.h">
      <Filter>Header Files</Filter>
    </ClInclude>
    <ClInclude Include="..\Interface\ConsoleCommand.h">
      <Filter>Header Files</Filter>
    </ClInclude>
    <ClInclude Include="..\Interface\Controller.h">
      <Filter>Header Files</Filter>
    </ClInclude>
    <ClInclude Include="..\Foundation\Data.h">
      <Filter>Header Files</Filter>
    </ClInclude>
    <ClInclude Include="..\Foundation\Dictionary.h">
      <Filter>Header Files</Filter>
    </ClInclude>
    <ClInclude Include="..\Interface\DirectXInputReader.h">
      <Filter>Header Files</Filter>
    </ClInclude>
    <ClInclude Include="Entities.h">
      <Filter>Header Files</Filter>
    </ClInclude>
    <ClInclude Include="..\Interface\Events.h">
      <Filter>Header Files</Filter>
    </ClInclude>
    <ClInclude Include="..\Foundation\FileUtils.h">
      <Filter>Header Files</Filter>
    </ClInclude>
    <ClInclude Include="..\3D\Font.h">
      <Filter>Header Files</Filter>
    </ClInclude>
    <ClInclude Include="..\3D\Frustrum.h">
      <Filter>Header Files</Filter>
    </ClInclude>
    <ClInclude Include="GameController.h">
      <Filter>Header Files</Filter>
    </ClInclude>
    <ClInclude Include="..\Resource\GifDecoder.h">
      <Filter>Header Files</Filter>
    </ClInclude>
    <ClInclude Include="..\Resource\JpegDecoder.h">
      <Filter>Header Files</Filter>
    </ClInclude>
    <ClInclude Include="..\3d\LightMap.h">
      <Filter>Header Files</Filter>
    </ClInclude>
    <ClInclude Include="..\Foundation\Log.h">
      <Filter>Header Files</Filter>
    </ClInclude>
    <ClInclude Include="..\3d\Mapping.h">
      <Filter>Header Files</Filter>
    </ClInclude>
    <ClInclude Include="..\3D\math3D.h">
      <Filter>Header Files</Filter>
    </ClInclude>
    <ClInclude Include="..\3D\matrix3D.h">
      <Filter>Header Files</Filter>
    </ClInclude>
    <ClInclude Include="..\Resource\Md2Decoder.h">
      <Filter>Header Files</Filter>
    </ClInclude>
    <ClInclude Include="..\3D\Mesh3D.h">
      <Filter>Header Files</Filter>
    </ClInclude>
    <ClInclude Include="..\Interface\Model.h">
      <Filter>Header Files</Filter>
    </ClInclude>
    <ClInclude Include="..\Foundation\MutableData.h">
      <Filter>Header Files</Filter>
    </ClInclude>
    <ClInclude Include="..\Foundation\Object.h">
      <Filter>Header Files</Filter>
    </ClInclude>
    <ClInclude Include="..\Foundation\ObjStr.h">
      <Filter>Header Files</Filter>
    </ClInclude>
    <ClInclude Include="..\3D\OpenGLView.h">
      <Filter>Header Files</Filter>
    </ClInclude>
    <ClInclude Include="..\Resource\PakFileSystem.h">
      <Filter>Header Files</Filter>
    </ClInclude>
    <ClInclude Include="..\Resource\PcxDecoder.h">
      <Filter>Header Files</Filter>
    </ClInclude>
    <ClInclude Include="..\Resource\PixelFormat.h">
      <Filter>Header Files</Filter>
    </ClInclude>
    <ClInclude Include="..\3D\Plane.h">
      <Filter>Header Files</Filter>
    </ClInclude>
    <ClInclude Include="..\Resource\PngDecoder.h">
      <Filter>Header Files</Filter>
    </ClInclude>
    <ClInclude Include="..\3D\Poly3D.h">
      <Filter>Header Files</Filter>
    </ClInclude>
    <ClInclude Include="..\Foundation\Pool.h">
      <Filter>Header Files</Filter>
    </ClInclude>
    <ClInclude Include="..\3D\Portal.h">
      <Filter>Header Files</Filter>
    </ClInclude>
    <ClInclude Include="Quake2Level.h">
      <Filter>Header Files</Filter>
    </ClInclude>
    <ClInclude Include="..\Resource\QuakeII.h">
      <Filter>Header Files</Filter>
    </ClInclude>
    <ClInclude Include="..\Foundation\Queue.h">
      <Filter>Header Files</Filter>
    </ClInclude>
    <ClInclude Include="..\3D\Ray.h">
      <Filter>Header Files</Filter>
    </ClInclude>
    <ClInclude Include="..\Resource\ResourceDecoder.h">
      <Filter>Header Files</Filter>
    </ClInclude>
    <ClInclude Include="..\Resource\ResourceManager.h">
      <Filter>Header Files</Filter>
    </ClInclude>
    <ClInclude Include="..\Resource\RgbDecoder.h">
      <Filter>Header Files</Filter>
    </ClInclude>
    <ClInclude Include="..\Foundation\Set.h">
      <Filter>Header Files</Filter>
    </ClInclude>
    <ClInclude Include="..\3D\Sky.h">
      <Filter>Header Files</Filter>
    </ClInclude>
    <ClInclude Include="..\3D\Texture.h">
      <Filter>Header Files</Filter>
    </ClInclude>
    <ClInclude Include="..\Resource\TgaDecoder.h">
      <Filter>Header Files</Filter>
    </ClInclude>
    <ClInclude Include="..\Resource\TgaEncoder.h">
      <Filter>Header Files</Filter>
    </ClInclude>
    <ClInclude Include="..\Resource\TgaStructs.h">
      <Filter>Header Files</Filter>
    </ClInclude>
    <ClInclude Include="..\Foundation\Timer.h">
      <Filter>Header Files</Filter>
    </ClInclude>
    <ClInclude Include="..\3D\Transform3D.h">
      <Filter>Header Files</Filter>
    </ClInclude>
    <ClInclude Include="..\Resource\Typedefs.h">
      <Filter>Header Files</Filter>
    </ClInclude>
    <ClInclude Include="..\3D\Vector2D.h">
      <Filter>Header Files</Filter>
    </ClInclude>
    <ClInclude Include="..\3D\vector3D.h">
      <Filter>Header Files</Filter>
    </ClInclude>
    <ClInclude Include="..\3D\Vector4D.h">
      <Filter>Header Files</Filter>
    </ClInclude>
    <ClInclude Include="..\3D\View.h">
      <Filter>Header Files</Filter>
    </ClInclude>
    <ClInclude Include="..\Resource\WalDecoder.h">
      <Filter>Header Files</Filter>
    </ClInclude>
    <ClInclude Include="..\Resource\ZipFileSystem.h">
      <Filter>Header Files</Filter>
    </ClInclude>
  </ItemGroup>
  <ItemGroup>
    <Library Include="..\dx9c_sdk\Lib\x86\dxguid.lib" />
    <Library Include="..\dx9c_sdk\Lib\x86\dinput8.lib" />
  </ItemGroup>
</Project>